<?xml version="1.0" encoding="utf-8"?>
<Project ToolsVersion="4.0" xmlns="http://schemas.microsoft.com/developer/msbuild/2003">
  <ItemGroup>
    <Filter Include="Source Files">
      <UniqueIdentifier>{5a0c2b33-7f7b-48fc-824e-132141c47c49}</UniqueIdentifier>
      <Extensions>cpp;c;cxx;rc;def;r;odl;idl;hpj;bat</Extensions>
    </Filter>
    <Filter Include="Header Files">
      <UniqueIdentifier>{ffdcd423-0f5b-4011-bd96-55f88ba4bdbe}</UniqueIdentifier>
      <Extensions>h;hpp;hxx;hm;inl</Extensions>
    </Filter>
  </ItemGroup>
  <ItemGroup>
    <ClCompile Include="..\src\area.cpp">
      <Filter>Source Files</Filter>
    </ClCompile>
    <ClCompile Include="..\src\batch.cpp">
      <Filter>Source Files</Filter>
    </ClCompile>
    <ClCompile Include="..\src\channelManager.cpp">
      <Filter>Source Files</Filter>
    </ClCompile>
    <ClCompile Include="..\src\context.cpp">
      <Filter>Source Files</Filter>
    </ClCompile>
    <ClCompile Include="..\src\frameBufferObject.cpp">
      <Filter>Source Files</Filter>
    </ClCompile>
    <ClCompile Include="..\src\frameBufferObjectExt.cpp">
      <Filter>Source Files</Filter>
    </ClCompile>
    <ClCompile Include="..\src\occlusionQuery.cpp">
      <Filter>Source Files</Filter>
    </ClCompile>
    <ClCompile Include="..\src\opencsgRender.cpp">
      <Filter>Source Files</Filter>
    </ClCompile>
    <ClCompile Include="..\src\openglHelper.cpp">
      <Filter>Source Files</Filter>
    </ClCompile>
    <ClCompile Include="..\src\pBufferTexture.cpp">
      <Filter>Source Files</Filter>
    </ClCompile>
    <ClCompile Include="..\src\primitive.cpp">
      <Filter>Source Files</Filter>
    </ClCompile>
    <ClCompile Include="..\src\primitiveHelper.cpp">
      <Filter>Source Files</Filter>
    </ClCompile>
    <ClCompile Include="..\src\renderGoldfeather.cpp">
      <Filter>Source Files</Filter>
    </ClCompile>
    <ClCompile Include="..\src\renderSCS.cpp">
      <Filter>Source Files</Filter>
    </ClCompile>
    <ClCompile Include="..\RenderTexture\RenderTexture.cpp">
      <Filter>Source Files</Filter>
    </ClCompile>
    <ClCompile Include="..\src\scissorMemo.cpp">
      <Filter>Source Files</Filter>
    </ClCompile>
    <ClCompile Include="..\src\settings.cpp">
      <Filter>Source Files</Filter>
    </ClCompile>
    <ClCompile Include="..\src\stencilManager.cpp">
      <Filter>Source Files</Filter>
    </ClCompile>
  </ItemGroup>
  <ItemGroup>
    <ClInclude Include="..\src\area.h">
      <Filter>Source Files</Filter>
    </ClInclude>
    <ClInclude Include="..\src\batch.h">
      <Filter>Source Files</Filter>
    </ClInclude>
    <ClInclude Include="..\src\channelManager.h">
      <Filter>Source Files</Filter>
    </ClInclude>
    <ClInclude Include="..\src\context.h">
      <Filter>Source Files</Filter>
    </ClInclude>
    <ClInclude Include="..\src\frameBufferObject.h">
      <Filter>Source Files</Filter>
    </ClInclude>
    <ClInclude Include="..\src\frameBufferObjectExt.h">
      <Filter>Source Files</Filter>
    </ClInclude>
    <ClInclude Include="..\src\occlusionQuery.h">
      <Filter>Source Files</Filter>
    </ClInclude>
    <ClInclude Include="..\src\offscreenBuffer.h">
      <Filter>Source Files</Filter>
    </ClInclude>
    <ClInclude Include="..\src\opencsgConfig.h">
      <Filter>Source Files</Filter>
    </ClInclude>
    <ClInclude Include="..\src\opencsgRender.h">
      <Filter>Source Files</Filter>
    </ClInclude>
    <ClInclude Include="..\src\openglHelper.h">
      <Filter>Source Files</Filter>
    </ClInclude>
    <ClInclude Include="..\src\pBufferTexture.h">
      <Filter>Source Files</Filter>
    </ClInclude>
    <ClInclude Include="..\src\primitiveHelper.h">
      <Filter>Source Files</Filter>
    </ClInclude>
    <ClInclude Include="..\RenderTexture\RenderTexture.h">
      <Filter>Source Files</Filter>
    </ClInclude>
    <ClInclude Include="..\src\scissorMemo.h">
      <Filter>Source Files</Filter>
    </ClInclude>
    <ClInclude Include="..\src\settings.h">
      <Filter>Source Files</Filter>
    </ClInclude>
    <ClInclude Include="..\src\stencilManager.h">
      <Filter>Source Files</Filter>
    </ClInclude>
    <ClInclude Include="..\include\opencsg.h">
      <Filter>Header Files</Filter>
    </ClInclude>
  </ItemGroup>
</Project>